// !$*UTF8*$!
{
	archiveVersion = 1;
	classes = {
	};
	objectVersion = 51;
	objects = {

/* Begin PBXBuildFile section */
		AD32D57C25E058DF005CDE6B /* PlayerModel.swift in Sources */ = {isa = PBXBuildFile; fileRef = AD32D57B25E058DF005CDE6B /* PlayerModel.swift */; };
		AD32D58025E05B15005CDE6B /* PlayerViewModel.swift in Sources */ = {isa = PBXBuildFile; fileRef = AD32D57F25E05B15005CDE6B /* PlayerViewModel.swift */; };
		AD32D59025E06271005CDE6B /* UIImageViewExtension.swift in Sources */ = {isa = PBXBuildFile; fileRef = AD32D58F25E06271005CDE6B /* UIImageViewExtension.swift */; };
		AD424ADC25E0E76C001BC846 /* SongsViewController.swift in Sources */ = {isa = PBXBuildFile; fileRef = AD424ADB25E0E76C001BC846 /* SongsViewController.swift */; };
		AD424AE025E0F65B001BC846 /* SongTableViewCell.swift in Sources */ = {isa = PBXBuildFile; fileRef = AD424ADF25E0F65B001BC846 /* SongTableViewCell.swift */; };
		AD424AE925E1329A001BC846 /* SongModel.swift in Sources */ = {isa = PBXBuildFile; fileRef = AD424AE825E1329A001BC846 /* SongModel.swift */; };
		AD424AEC25E13461001BC846 /* SongViewModel.swift in Sources */ = {isa = PBXBuildFile; fileRef = AD424AEB25E13461001BC846 /* SongViewModel.swift */; };
		AD4A553225E17825009EB3CB /* .gitignore in Resources */ = {isa = PBXBuildFile; fileRef = AD4A553125E17825009EB3CB /* .gitignore */; };
		AD4A553625E18776009EB3CB /* PlayerModelParse.swift in Sources */ = {isa = PBXBuildFile; fileRef = AD4A553525E18776009EB3CB /* PlayerModelParse.swift */; };
		ADFB072625E04A8E00A12543 /* AppDelegate.swift in Sources */ = {isa = PBXBuildFile; fileRef = ADFB072525E04A8E00A12543 /* AppDelegate.swift */; };
		ADFB072825E04A8E00A12543 /* SceneDelegate.swift in Sources */ = {isa = PBXBuildFile; fileRef = ADFB072725E04A8E00A12543 /* SceneDelegate.swift */; };
		ADFB072F25E04A9200A12543 /* Assets.xcassets in Resources */ = {isa = PBXBuildFile; fileRef = ADFB072E25E04A9200A12543 /* Assets.xcassets */; };
		ADFB073225E04A9200A12543 /* LaunchScreen.storyboard in Resources */ = {isa = PBXBuildFile; fileRef = ADFB073025E04A9200A12543 /* LaunchScreen.storyboard */; };
		ADFB074025E0517500A12543 /* PlayerViewController.swift in Sources */ = {isa = PBXBuildFile; fileRef = ADFB073F25E0517500A12543 /* PlayerViewController.swift */; };
		E7EC74B65AC10D83C3F6731E /* Pods_Radio.framework in Frameworks */ = {isa = PBXBuildFile; fileRef = 685083257670C961D75D4C4E /* Pods_Radio.framework */; };
/* End PBXBuildFile section */

/* Begin PBXFileReference section */
		130A172A0D887AF5CAEF78F5 /* Pods-Radio.release.xcconfig */ = {isa = PBXFileReference; includeInIndex = 1; lastKnownFileType = text.xcconfig; name = "Pods-Radio.release.xcconfig"; path = "Target Support Files/Pods-Radio/Pods-Radio.release.xcconfig"; sourceTree = "<group>"; };
		37CE8D40A45C85970D28B2F6 /* Pods-Radio.debug.xcconfig */ = {isa = PBXFileReference; includeInIndex = 1; lastKnownFileType = text.xcconfig; name = "Pods-Radio.debug.xcconfig"; path = "Target Support Files/Pods-Radio/Pods-Radio.debug.xcconfig"; sourceTree = "<group>"; };
		685083257670C961D75D4C4E /* Pods_Radio.framework */ = {isa = PBXFileReference; explicitFileType = wrapper.framework; includeInIndex = 0; path = Pods_Radio.framework; sourceTree = BUILT_PRODUCTS_DIR; };
		AD32D57B25E058DF005CDE6B /* PlayerModel.swift */ = {isa = PBXFileReference; lastKnownFileType = sourcecode.swift; path = PlayerModel.swift; sourceTree = "<group>"; };
		AD32D57F25E05B15005CDE6B /* PlayerViewModel.swift */ = {isa = PBXFileReference; lastKnownFileType = sourcecode.swift; path = PlayerViewModel.swift; sourceTree = "<group>"; };
		AD32D58F25E06271005CDE6B /* UIImageViewExtension.swift */ = {isa = PBXFileReference; lastKnownFileType = sourcecode.swift; path = UIImageViewExtension.swift; sourceTree = "<group>"; };
		AD424ADB25E0E76C001BC846 /* SongsViewController.swift */ = {isa = PBXFileReference; lastKnownFileType = sourcecode.swift; path = SongsViewController.swift; sourceTree = "<group>"; };
		AD424ADF25E0F65B001BC846 /* SongTableViewCell.swift */ = {isa = PBXFileReference; lastKnownFileType = sourcecode.swift; path = SongTableViewCell.swift; sourceTree = "<group>"; };
		AD424AE825E1329A001BC846 /* SongModel.swift */ = {isa = PBXFileReference; lastKnownFileType = sourcecode.swift; path = SongModel.swift; sourceTree = "<group>"; };
		AD424AEB25E13461001BC846 /* SongViewModel.swift */ = {isa = PBXFileReference; lastKnownFileType = sourcecode.swift; path = SongViewModel.swift; sourceTree = "<group>"; };
		AD4A553125E17825009EB3CB /* .gitignore */ = {isa = PBXFileReference; lastKnownFileType = text; path = .gitignore; sourceTree = "<group>"; };
		AD4A553525E18776009EB3CB /* PlayerModelParse.swift */ = {isa = PBXFileReference; lastKnownFileType = sourcecode.swift; path = PlayerModelParse.swift; sourceTree = "<group>"; };
		ADFB072225E04A8E00A12543 /* radiohessen.app */ = {isa = PBXFileReference; explicitFileType = wrapper.application; includeInIndex = 0; path = radiohessen.app; sourceTree = BUILT_PRODUCTS_DIR; };
		ADFB072525E04A8E00A12543 /* AppDelegate.swift */ = {isa = PBXFileReference; lastKnownFileType = sourcecode.swift; path = AppDelegate.swift; sourceTree = "<group>"; };
		ADFB072725E04A8E00A12543 /* SceneDelegate.swift */ = {isa = PBXFileReference; lastKnownFileType = sourcecode.swift; path = SceneDelegate.swift; sourceTree = "<group>"; };
		ADFB072E25E04A9200A12543 /* Assets.xcassets */ = {isa = PBXFileReference; lastKnownFileType = folder.assetcatalog; path = Assets.xcassets; sourceTree = "<group>"; };
		ADFB073125E04A9200A12543 /* Base */ = {isa = PBXFileReference; lastKnownFileType = file.storyboard; name = Base; path = Base.lproj/LaunchScreen.storyboard; sourceTree = "<group>"; };
		ADFB073325E04A9200A12543 /* Info.plist */ = {isa = PBXFileReference; lastKnownFileType = text.plist.xml; path = Info.plist; sourceTree = "<group>"; };
		ADFB073F25E0517500A12543 /* PlayerViewController.swift */ = {isa = PBXFileReference; lastKnownFileType = sourcecode.swift; path = PlayerViewController.swift; sourceTree = "<group>"; };
/* End PBXFileReference section */

/* Begin PBXFrameworksBuildPhase section */
		ADFB071F25E04A8E00A12543 /* Frameworks */ = {
			isa = PBXFrameworksBuildPhase;
			buildActionMask = 2147483647;
			files = (
				E7EC74B65AC10D83C3F6731E /* Pods_Radio.framework in Frameworks */,
			);
			runOnlyForDeploymentPostprocessing = 0;
		};
/* End PBXFrameworksBuildPhase section */

/* Begin PBXGroup section */
		4C32464D3260957B90995B68 /* Frameworks */ = {
			isa = PBXGroup;
			children = (
				685083257670C961D75D4C4E /* Pods_Radio.framework */,
			);
			name = Frameworks;
			sourceTree = "<group>";
		};
		A172322F73EC6B8E6776A991 /* Pods */ = {
			isa = PBXGroup;
			children = (
				37CE8D40A45C85970D28B2F6 /* Pods-Radio.debug.xcconfig */,
				130A172A0D887AF5CAEF78F5 /* Pods-Radio.release.xcconfig */,
			);
			path = Pods;
			sourceTree = "<group>";
		};
		AD32D57725E05441005CDE6B /* Model */ = {
			isa = PBXGroup;
			children = (
				AD32D57B25E058DF005CDE6B /* PlayerModel.swift */,
				AD4A553525E18776009EB3CB /* PlayerModelParse.swift */,
			);
			path = Model;
			sourceTree = "<group>";
		};
		AD32D57E25E05AFF005CDE6B /* ViewModel */ = {
			isa = PBXGroup;
			children = (
				AD32D57F25E05B15005CDE6B /* PlayerViewModel.swift */,
			);
			path = ViewModel;
			sourceTree = "<group>";
		};
		AD32D58E25E0625F005CDE6B /* Extension */ = {
			isa = PBXGroup;
			children = (
				AD32D58F25E06271005CDE6B /* UIImageViewExtension.swift */,
			);
			path = Extension;
			sourceTree = "<group>";
		};
		AD424AD925E0E74C001BC846 /* Songs */ = {
			isa = PBXGroup;
			children = (
				AD424AE325E1325A001BC846 /* Model */,
				AD424AE225E13251001BC846 /* ViewModel */,
				AD424ADA25E0E75E001BC846 /* Views */,
			);
			path = Songs;
			sourceTree = "<group>";
		};
		AD424ADA25E0E75E001BC846 /* Views */ = {
			isa = PBXGroup;
			children = (
				AD424ADB25E0E76C001BC846 /* SongsViewController.swift */,
				AD424ADF25E0F65B001BC846 /* SongTableViewCell.swift */,
			);
			path = Views;
			sourceTree = "<group>";
		};
		AD424AE225E13251001BC846 /* ViewModel */ = {
			isa = PBXGroup;
			children = (
				AD424AEB25E13461001BC846 /* SongViewModel.swift */,
			);
			path = ViewModel;
			sourceTree = "<group>";
		};
		AD424AE325E1325A001BC846 /* Model */ = {
			isa = PBXGroup;
			children = (
				AD424AE825E1329A001BC846 /* SongModel.swift */,
			);
			path = Model;
			sourceTree = "<group>";
		};
		ADFB071925E04A8E00A12543 = {
			isa = PBXGroup;
			children = (
				AD4A553125E17825009EB3CB /* .gitignore */,
				ADFB072425E04A8E00A12543 /* Radio */,
				ADFB072325E04A8E00A12543 /* Products */,
				A172322F73EC6B8E6776A991 /* Pods */,
				4C32464D3260957B90995B68 /* Frameworks */,
			);
			sourceTree = "<group>";
		};
		ADFB072325E04A8E00A12543 /* Products */ = {
			isa = PBXGroup;
			children = (
				ADFB072225E04A8E00A12543 /* radiohessen.app */,
			);
			name = Products;
			sourceTree = "<group>";
		};
		ADFB072425E04A8E00A12543 /* Radio */ = {
			isa = PBXGroup;
			children = (
				AD32D58E25E0625F005CDE6B /* Extension */,
				AD424AD925E0E74C001BC846 /* Songs */,
				ADFB073D25E050E000A12543 /* Player */,
				ADFB073C25E0506D00A12543 /* Storyboard */,
				ADFB073B25E0505900A12543 /* subFiles */,
			);
			path = Radio;
			sourceTree = "<group>";
		};
		ADFB073B25E0505900A12543 /* subFiles */ = {
			isa = PBXGroup;
			children = (
				ADFB072725E04A8E00A12543 /* SceneDelegate.swift */,
				ADFB072525E04A8E00A12543 /* AppDelegate.swift */,
				ADFB073325E04A9200A12543 /* Info.plist */,
				ADFB072E25E04A9200A12543 /* Assets.xcassets */,
			);
			path = subFiles;
			sourceTree = "<group>";
		};
		ADFB073C25E0506D00A12543 /* Storyboard */ = {
			isa = PBXGroup;
			children = (
				ADFB073025E04A9200A12543 /* LaunchScreen.storyboard */,
			);
			path = Storyboard;
			sourceTree = "<group>";
		};
		ADFB073D25E050E000A12543 /* Player */ = {
			isa = PBXGroup;
			children = (
				AD32D57725E05441005CDE6B /* Model */,
				AD32D57E25E05AFF005CDE6B /* ViewModel */,
				ADFB073E25E0516200A12543 /* Views */,
			);
			path = Player;
			sourceTree = "<group>";
		};
		ADFB073E25E0516200A12543 /* Views */ = {
			isa = PBXGroup;
			children = (
				ADFB073F25E0517500A12543 /* PlayerViewController.swift */,
			);
			path = Views;
			sourceTree = "<group>";
		};
/* End PBXGroup section */

/* Begin PBXNativeTarget section */
		ADFB072125E04A8E00A12543 /* radiohessen */ = {
			isa = PBXNativeTarget;
			buildConfigurationList = ADFB073625E04A9200A12543 /* Build configuration list for PBXNativeTarget "radiohessen" */;
			buildPhases = (
				94AC0F00BF17DE095FDF3AC3 /* [CP] Check Pods Manifest.lock */,
				ADFB071E25E04A8E00A12543 /* Sources */,
				ADFB071F25E04A8E00A12543 /* Frameworks */,
				ADFB072025E04A8E00A12543 /* Resources */,
				1BDAEEB1A80CD5D82717D88B /* [CP] Embed Pods Frameworks */,
			);
			buildRules = (
			);
			dependencies = (
			);
			name = radiohessen;
			productName = Radio;
			productReference = ADFB072225E04A8E00A12543 /* radiohessen.app */;
			productType = "com.apple.product-type.application";
		};
/* End PBXNativeTarget section */

/* Begin PBXProject section */
		ADFB071A25E04A8E00A12543 /* Project object */ = {
			isa = PBXProject;
			attributes = {
				LastSwiftUpdateCheck = 1240;
				LastUpgradeCheck = 1240;
				TargetAttributes = {
					ADFB072125E04A8E00A12543 = {
						CreatedOnToolsVersion = 12.4;
					};
				};
			};
			buildConfigurationList = ADFB071D25E04A8E00A12543 /* Build configuration list for PBXProject "Radio" */;
			compatibilityVersion = "Xcode 9.3";
			developmentRegion = en;
			hasScannedForEncodings = 0;
			knownRegions = (
				en,
				Base,
			);
			mainGroup = ADFB071925E04A8E00A12543;
			productRefGroup = ADFB072325E04A8E00A12543 /* Products */;
			projectDirPath = "";
			projectRoot = "";
			targets = (
				ADFB072125E04A8E00A12543 /* radiohessen */,
			);
		};
/* End PBXProject section */

/* Begin PBXResourcesBuildPhase section */
		ADFB072025E04A8E00A12543 /* Resources */ = {
			isa = PBXResourcesBuildPhase;
			buildActionMask = 2147483647;
			files = (
				ADFB073225E04A9200A12543 /* LaunchScreen.storyboard in Resources */,
				AD4A553225E17825009EB3CB /* .gitignore in Resources */,
				ADFB072F25E04A9200A12543 /* Assets.xcassets in Resources */,
			);
			runOnlyForDeploymentPostprocessing = 0;
		};
/* End PBXResourcesBuildPhase section */

/* Begin PBXShellScriptBuildPhase section */
		1BDAEEB1A80CD5D82717D88B /* [CP] Embed Pods Frameworks */ = {
			isa = PBXShellScriptBuildPhase;
			buildActionMask = 2147483647;
			files = (
			);
			inputFileListPaths = (
				"${PODS_ROOT}/Target Support Files/Pods-Radio/Pods-Radio-frameworks-${CONFIGURATION}-input-files.xcfilelist",
			);
			name = "[CP] Embed Pods Frameworks";
			outputFileListPaths = (
				"${PODS_ROOT}/Target Support Files/Pods-Radio/Pods-Radio-frameworks-${CONFIGURATION}-output-files.xcfilelist",
			);
			runOnlyForDeploymentPostprocessing = 0;
			shellPath = /bin/sh;
			shellScript = "\"${PODS_ROOT}/Target Support Files/Pods-Radio/Pods-Radio-frameworks.sh\"\n";
			showEnvVarsInLog = 0;
		};
		94AC0F00BF17DE095FDF3AC3 /* [CP] Check Pods Manifest.lock */ = {
			isa = PBXShellScriptBuildPhase;
			buildActionMask = 2147483647;
			files = (
			);
			inputFileListPaths = (
			);
			inputPaths = (
				"${PODS_PODFILE_DIR_PATH}/Podfile.lock",
				"${PODS_ROOT}/Manifest.lock",
			);
			name = "[CP] Check Pods Manifest.lock";
			outputFileListPaths = (
			);
			outputPaths = (
				"$(DERIVED_FILE_DIR)/Pods-Radio-checkManifestLockResult.txt",
			);
			runOnlyForDeploymentPostprocessing = 0;
			shellPath = /bin/sh;
			shellScript = "diff \"${PODS_PODFILE_DIR_PATH}/Podfile.lock\" \"${PODS_ROOT}/Manifest.lock\" > /dev/null\nif [ $? != 0 ] ; then\n    # print error to STDERR\n    echo \"error: The sandbox is not in sync with the Podfile.lock. Run 'pod install' or update your CocoaPods installation.\" >&2\n    exit 1\nfi\n# This output is used by Xcode 'outputs' to avoid re-running this script phase.\necho \"SUCCESS\" > \"${SCRIPT_OUTPUT_FILE_0}\"\n";
			showEnvVarsInLog = 0;
		};
/* End PBXShellScriptBuildPhase section */

/* Begin PBXSourcesBuildPhase section */
		ADFB071E25E04A8E00A12543 /* Sources */ = {
			isa = PBXSourcesBuildPhase;
			buildActionMask = 2147483647;
			files = (
				AD32D57C25E058DF005CDE6B /* PlayerModel.swift in Sources */,
				AD32D59025E06271005CDE6B /* UIImageViewExtension.swift in Sources */,
				ADFB072625E04A8E00A12543 /* AppDelegate.swift in Sources */,
				AD32D58025E05B15005CDE6B /* PlayerViewModel.swift in Sources */,
				AD424AEC25E13461001BC846 /* SongViewModel.swift in Sources */,
				AD424ADC25E0E76C001BC846 /* SongsViewController.swift in Sources */,
				AD424AE925E1329A001BC846 /* SongModel.swift in Sources */,
				AD424AE025E0F65B001BC846 /* SongTableViewCell.swift in Sources */,
				AD4A553625E18776009EB3CB /* PlayerModelParse.swift in Sources */,
				ADFB072825E04A8E00A12543 /* SceneDelegate.swift in Sources */,
				ADFB074025E0517500A12543 /* PlayerViewController.swift in Sources */,
			);
			runOnlyForDeploymentPostprocessing = 0;
		};
/* End PBXSourcesBuildPhase section */

/* Begin PBXVariantGroup section */
		ADFB073025E04A9200A12543 /* LaunchScreen.storyboard */ = {
			isa = PBXVariantGroup;
			children = (
				ADFB073125E04A9200A12543 /* Base */,
			);
			name = LaunchScreen.storyboard;
			sourceTree = "<group>";
		};
/* End PBXVariantGroup section */

/* Begin XCBuildConfiguration section */
		ADFB073425E04A9200A12543 /* Debug */ = {
			isa = XCBuildConfiguration;
			buildSettings = {
				ALWAYS_SEARCH_USER_PATHS = NO;
				CLANG_ANALYZER_NONNULL = YES;
				CLANG_ANALYZER_NUMBER_OBJECT_CONVERSION = YES_AGGRESSIVE;
				CLANG_CXX_LANGUAGE_STANDARD = "gnu++14";
				CLANG_CXX_LIBRARY = "libc++";
				CLANG_ENABLE_MODULES = YES;
				CLANG_ENABLE_OBJC_ARC = YES;
				CLANG_ENABLE_OBJC_WEAK = YES;
				CLANG_WARN_BLOCK_CAPTURE_AUTORELEASING = YES;
				CLANG_WARN_BOOL_CONVERSION = YES;
				CLANG_WARN_COMMA = YES;
				CLANG_WARN_CONSTANT_CONVERSION = YES;
				CLANG_WARN_DEPRECATED_OBJC_IMPLEMENTATIONS = YES;
				CLANG_WARN_DIRECT_OBJC_ISA_USAGE = YES_ERROR;
				CLANG_WARN_DOCUMENTATION_COMMENTS = YES;
				CLANG_WARN_EMPTY_BODY = YES;
				CLANG_WARN_ENUM_CONVERSION = YES;
				CLANG_WARN_INFINITE_RECURSION = YES;
				CLANG_WARN_INT_CONVERSION = YES;
				CLANG_WARN_NON_LITERAL_NULL_CONVERSION = YES;
				CLANG_WARN_OBJC_IMPLICIT_RETAIN_SELF = YES;
				CLANG_WARN_OBJC_LITERAL_CONVERSION = YES;
				CLANG_WARN_OBJC_ROOT_CLASS = YES_ERROR;
				CLANG_WARN_QUOTED_INCLUDE_IN_FRAMEWORK_HEADER = YES;
				CLANG_WARN_RANGE_LOOP_ANALYSIS = YES;
				CLANG_WARN_STRICT_PROTOTYPES = YES;
				CLANG_WARN_SUSPICIOUS_MOVE = YES;
				CLANG_WARN_UNGUARDED_AVAILABILITY = YES_AGGRESSIVE;
				CLANG_WARN_UNREACHABLE_CODE = YES;
				CLANG_WARN__DUPLICATE_METHOD_MATCH = YES;
				COPY_PHASE_STRIP = NO;
				DEBUG_INFORMATION_FORMAT = dwarf;
				ENABLE_STRICT_OBJC_MSGSEND = YES;
				ENABLE_TESTABILITY = YES;
				GCC_C_LANGUAGE_STANDARD = gnu11;
				GCC_DYNAMIC_NO_PIC = NO;
				GCC_NO_COMMON_BLOCKS = YES;
				GCC_OPTIMIZATION_LEVEL = 0;
				GCC_PREPROCESSOR_DEFINITIONS = (
					"DEBUG=1",
					"$(inherited)",
				);
				GCC_WARN_64_TO_32_BIT_CONVERSION = YES;
				GCC_WARN_ABOUT_RETURN_TYPE = YES_ERROR;
				GCC_WARN_UNDECLARED_SELECTOR = YES;
				GCC_WARN_UNINITIALIZED_AUTOS = YES_AGGRESSIVE;
				GCC_WARN_UNUSED_FUNCTION = YES;
				GCC_WARN_UNUSED_VARIABLE = YES;
				IPHONEOS_DEPLOYMENT_TARGET = 14.4;
				MTL_ENABLE_DEBUG_INFO = INCLUDE_SOURCE;
				MTL_FAST_MATH = YES;
				ONLY_ACTIVE_ARCH = YES;
				SDKROOT = iphoneos;
				SWIFT_ACTIVE_COMPILATION_CONDITIONS = DEBUG;
				SWIFT_OPTIMIZATION_LEVEL = "-Onone";
			};
			name = Debug;
		};
		ADFB073525E04A9200A12543 /* Release */ = {
			isa = XCBuildConfiguration;
			buildSettings = {
				ALWAYS_SEARCH_USER_PATHS = NO;
				CLANG_ANALYZER_NONNULL = YES;
				CLANG_ANALYZER_NUMBER_OBJECT_CONVERSION = YES_AGGRESSIVE;
				CLANG_CXX_LANGUAGE_STANDARD = "gnu++14";
				CLANG_CXX_LIBRARY = "libc++";
				CLANG_ENABLE_MODULES = YES;
				CLANG_ENABLE_OBJC_ARC = YES;
				CLANG_ENABLE_OBJC_WEAK = YES;
				CLANG_WARN_BLOCK_CAPTURE_AUTORELEASING = YES;
				CLANG_WARN_BOOL_CONVERSION = YES;
				CLANG_WARN_COMMA = YES;
				CLANG_WARN_CONSTANT_CONVERSION = YES;
				CLANG_WARN_DEPRECATED_OBJC_IMPLEMENTATIONS = YES;
				CLANG_WARN_DIRECT_OBJC_ISA_USAGE = YES_ERROR;
				CLANG_WARN_DOCUMENTATION_COMMENTS = YES;
				CLANG_WARN_EMPTY_BODY = YES;
				CLANG_WARN_ENUM_CONVERSION = YES;
				CLANG_WARN_INFINITE_RECURSION = YES;
				CLANG_WARN_INT_CONVERSION = YES;
				CLANG_WARN_NON_LITERAL_NULL_CONVERSION = YES;
				CLANG_WARN_OBJC_IMPLICIT_RETAIN_SELF = YES;
				CLANG_WARN_OBJC_LITERAL_CONVERSION = YES;
				CLANG_WARN_OBJC_ROOT_CLASS = YES_ERROR;
				CLANG_WARN_QUOTED_INCLUDE_IN_FRAMEWORK_HEADER = YES;
				CLANG_WARN_RANGE_LOOP_ANALYSIS = YES;
				CLANG_WARN_STRICT_PROTOTYPES = YES;
				CLANG_WARN_SUSPICIOUS_MOVE = YES;
				CLANG_WARN_UNGUARDED_AVAILABILITY = YES_AGGRESSIVE;
				CLANG_WARN_UNREACHABLE_CODE = YES;
				CLANG_WARN__DUPLICATE_METHOD_MATCH = YES;
				COPY_PHASE_STRIP = NO;
				DEBUG_INFORMATION_FORMAT = "dwarf-with-dsym";
				ENABLE_NS_ASSERTIONS = NO;
				ENABLE_STRICT_OBJC_MSGSEND = YES;
				GCC_C_LANGUAGE_STANDARD = gnu11;
				GCC_NO_COMMON_BLOCKS = YES;
				GCC_WARN_64_TO_32_BIT_CONVERSION = YES;
				GCC_WARN_ABOUT_RETURN_TYPE = YES_ERROR;
				GCC_WARN_UNDECLARED_SELECTOR = YES;
				GCC_WARN_UNINITIALIZED_AUTOS = YES_AGGRESSIVE;
				GCC_WARN_UNUSED_FUNCTION = YES;
				GCC_WARN_UNUSED_VARIABLE = YES;
				IPHONEOS_DEPLOYMENT_TARGET = 14.4;
				MTL_ENABLE_DEBUG_INFO = NO;
				MTL_FAST_MATH = YES;
				SDKROOT = iphoneos;
				SWIFT_COMPILATION_MODE = wholemodule;
				SWIFT_OPTIMIZATION_LEVEL = "-O";
				VALIDATE_PRODUCT = YES;
			};
			name = Release;
		};
		ADFB073725E04A9200A12543 /* Debug */ = {
			isa = XCBuildConfiguration;
			baseConfigurationReference = 37CE8D40A45C85970D28B2F6 /* Pods-Radio.debug.xcconfig */;
			buildSettings = {
				ASSETCATALOG_COMPILER_APPICON_NAME = AppIcon;
				ASSETCATALOG_COMPILER_GLOBAL_ACCENT_COLOR_NAME = AccentColor;
				CODE_SIGN_STYLE = Automatic;
				CURRENT_PROJECT_VERSION = 4;
				DEVELOPMENT_TEAM = 54FN4U326V;
				INFOPLIST_FILE = Radio/subFiles/Info.plist;
				IPHONEOS_DEPLOYMENT_TARGET = 11.4;
				LD_RUNPATH_SEARCH_PATHS = (
					"$(inherited)",
					"@executable_path/Frameworks",
				);
				PRODUCT_BUNDLE_IDENTIFIER = com.cidia.radiohessen;
				PRODUCT_NAME = "$(TARGET_NAME)";
				SWIFT_VERSION = 5.0;
				TARGETED_DEVICE_FAMILY = 1;
			};
			name = Debug;
		};
		ADFB073825E04A9200A12543 /* Release */ = {
			isa = XCBuildConfiguration;
			baseConfigurationReference = 130A172A0D887AF5CAEF78F5 /* Pods-Radio.release.xcconfig */;
			buildSettings = {
				ASSETCATALOG_COMPILER_APPICON_NAME = AppIcon;
				ASSETCATALOG_COMPILER_GLOBAL_ACCENT_COLOR_NAME = AccentColor;
				CODE_SIGN_STYLE = Automatic;
				CURRENT_PROJECT_VERSION = 4;
				DEVELOPMENT_TEAM = 54FN4U326V;
				INFOPLIST_FILE = Radio/subFiles/Info.plist;
				IPHONEOS_DEPLOYMENT_TARGET = 11.4;
				LD_RUNPATH_SEARCH_PATHS = (
					"$(inherited)",
					"@executable_path/Frameworks",
				);
				PRODUCT_BUNDLE_IDENTIFIER = com.cidia.radiohessen;
				PRODUCT_NAME = "$(TARGET_NAME)";
				SWIFT_VERSION = 5.0;
				TARGETED_DEVICE_FAMILY = 1;
			};
			name = Release;
		};
/* End XCBuildConfiguration section */

/* Begin XCConfigurationList section */
		ADFB071D25E04A8E00A12543 /* Build configuration list for PBXProject "Radio" */ = {
			isa = XCConfigurationList;
			buildConfigurations = (
				ADFB073425E04A9200A12543 /* Debug */,
				ADFB073525E04A9200A12543 /* Release */,
			);
			defaultConfigurationIsVisible = 0;
			defaultConfigurationName = Release;
		};
		ADFB073625E04A9200A12543 /* Build configuration list for PBXNativeTarget "radiohessen" */ = {
			isa = XCConfigurationList;
			buildConfigurations = (
				ADFB073725E04A9200A12543 /* Debug */,
				ADFB073825E04A9200A12543 /* Release */,
			);
			defaultConfigurationIsVisible = 0;
			defaultConfigurationName = Release;
		};
/* End XCConfigurationList section */
	};
	rootObject = ADFB071A25E04A8E00A12543 /* Project object */;
}
